github.com/andrewkroh/go-package-spec v0.0.0-20260316170906-7a5733761e68 h1:njSNgYeE8T1PV4bJnfP+wXokQ3exmSqFWV30vob2cBI=
github.com/andrewkroh/go-package-spec v0.0.0-20260316170906-7a5733761e68/go.mod h1:VYFYfQkXOAe7RIOtSSUNfB6k7bn7An3IKRxfJvTvA8g=
gopkg.in/check.v1 v0.0.0-20161208181325-20d25e280405 h1:yhCVgyC4o1eVCa2tZl7eS0r+SDo693bJlVdllGtEeKM=
gopkg.in/check.v1 v0.0.0-20161208181325-20d25e280405/go.mod h1:Co6ibVJAznAaIkqp8huTwlJQCZ016jof/cbN4VW5Yz0=
gopkg.in/yaml.v3 v3.0.1 h1:fxVm/GzAzEWqLHuvctI91KS9hhNmmWOoWu0XTYJS7CA=
gopkg.in/yaml.v3 v3.0.1/go.mod h1:K4uyk7z7BCEPqu6E+C64Yfv1cQ7kz7rIZviUmN+EgEM=
